
Microsoft Visual Studio Solution File, Format Version 12.00
# Visual Studio Version 17
VisualStudioVersion = 17.0.31903.59
MinimumVisualStudioVersion = 10.0.40219.1
Project("{2150E333-8FDC-42A3-9474-1A3956D46DE8}") = "src", "src", "{827E0CD3-B72D-47B6-A68D-7590B98EB39B}"
EndProject
Project("{2150E333-8FDC-42A3-9474-1A3956D46DE8}") = "Shared", "Shared", "{C8E42992-5E42-0C2B-DBFE-AA848D06431C}"
EndProject
Project("{FAE04EC0-301F-11D3-BF4B-00C04F79EFBC}") = "AlgorithmAnalysis.Contracts", "src\Shared\AlgorithmAnalysis.Contracts\AlgorithmAnalysis.Contracts.csproj", "{952F3029-8BAA-47FF-A51D-113D3D7B0295}"
EndProject
Project("{2150E333-8FDC-42A3-9474-1A3956D46DE8}") = "Catalog", "Catalog", "{AE156C2D-CEB6-2932-52E1-7BB3F5577BA2}"
EndProject
Project("{FAE04EC0-301F-11D3-BF4B-00C04F79EFBC}") = "AlgorithmCatalog.Domain", "src\Catalog\AlgorithmCatalog.Domain\AlgorithmCatalog.Domain.csproj", "{25D0243C-8253-4630-868B-F19FB2390765}"
EndProject
Project("{FAE04EC0-301F-11D3-BF4B-00C04F79EFBC}") = "AlgorithmCatalog.Application", "src\Catalog\AlgorithmCatalog.Application\AlgorithmCatalog.Application.csproj", "{B4433C4F-02AE-48FC-8280-3911D87EF607}"
EndProject
Project("{FAE04EC0-301F-11D3-BF4B-00C04F79EFBC}") = "AlgorithmCatalog.Infrastructure.FileSystem", "src\Catalog\AlgorithmCatalog.Infrastructure.FileSystem\AlgorithmCatalog.Infrastructure.FileSystem.csproj", "{C5BF6AE6-998E-4866-9DDA-48684081A86E}"
EndProject
Project("{FAE04EC0-301F-11D3-BF4B-00C04F79EFBC}") = "AlgorithmCatalog.Validation", "src\Catalog\AlgorithmCatalog.Validation\AlgorithmCatalog.Validation.csproj", "{FCAE5ACA-14C9-4C6E-8B28-A6D5948B2790}"
EndProject
Project("{2150E333-8FDC-42A3-9474-1A3956D46DE8}") = "tests", "tests", "{0AB3BF05-4346-4AA6-1389-037BE0695223}"
EndProject
Project("{2150E333-8FDC-42A3-9474-1A3956D46DE8}") = "Catalog", "Catalog", "{2EBB256E-DCB5-D4A3-92AA-D5FB94CFE386}"
EndProject
Project("{FAE04EC0-301F-11D3-BF4B-00C04F79EFBC}") = "AlgorithmCatalog.Tests", "tests\Catalog\AlgorithmCatalog.Tests\AlgorithmCatalog.Tests.csproj", "{259EEE66-59C4-43B5-B21F-FB41C4DCD4BD}"
EndProject
Project("{FAE04EC0-301F-11D3-BF4B-00C04F79EFBC}") = "AlgorithmCatalog.Content", "src\Catalog\AlgorithmCatalog.Content\AlgorithmCatalog.Content.csproj", "{3DF5EBBE-E067-4105-914C-D195E94A6B5E}"
EndProject
Global
	GlobalSection(SolutionConfigurationPlatforms) = preSolution
		Debug|Any CPU = Debug|Any CPU
		Debug|x64 = Debug|x64
		Debug|x86 = Debug|x86
		Release|Any CPU = Release|Any CPU
		Release|x64 = Release|x64
		Release|x86 = Release|x86
	EndGlobalSection
	GlobalSection(ProjectConfigurationPlatforms) = postSolution
		{952F3029-8BAA-47FF-A51D-113D3D7B0295}.Debug|Any CPU.ActiveCfg = Debug|Any CPU
		{952F3029-8BAA-47FF-A51D-113D3D7B0295}.Debug|Any CPU.Build.0 = Debug|Any CPU
		{952F3029-8BAA-47FF-A51D-113D3D7B0295}.Debug|x64.ActiveCfg = Debug|Any CPU
		{952F3029-8BAA-47FF-A51D-113D3D7B0295}.Debug|x64.Build.0 = Debug|Any CPU
		{952F3029-8BAA-47FF-A51D-113D3D7B0295}.Debug|x86.ActiveCfg = Debug|Any CPU
		{952F3029-8BAA-47FF-A51D-113D3D7B0295}.Debug|x86.Build.0 = Debug|Any CPU
		{952F3029-8BAA-47FF-A51D-113D3D7B0295}.Release|Any CPU.ActiveCfg = Release|Any CPU
		{952F3029-8BAA-47FF-A51D-113D3D7B0295}.Release|Any CPU.Build.0 = Release|Any CPU
		{952F3029-8BAA-47FF-A51D-113D3D7B0295}.Release|x64.ActiveCfg = Release|Any CPU
		{952F3029-8BAA-47FF-A51D-113D3D7B0295}.Release|x64.Build.0 = Release|Any CPU
		{952F3029-8BAA-47FF-A51D-113D3D7B0295}.Release|x86.ActiveCfg = Release|Any CPU
		{952F3029-8BAA-47FF-A51D-113D3D7B0295}.Release|x86.Build.0 = Release|Any CPU
		{25D0243C-8253-4630-868B-F19FB2390765}.Debug|Any CPU.ActiveCfg = Debug|Any CPU
		{25D0243C-8253-4630-868B-F19FB2390765}.Debug|Any CPU.Build.0 = Debug|Any CPU
		{25D0243C-8253-4630-868B-F19FB2390765}.Debug|x64.ActiveCfg = Debug|Any CPU
		{25D0243C-8253-4630-868B-F19FB2390765}.Debug|x64.Build.0 = Debug|Any CPU
		{25D0243C-8253-4630-868B-F19FB2390765}.Debug|x86.ActiveCfg = Debug|Any CPU
		{25D0243C-8253-4630-868B-F19FB2390765}.Debug|x86.Build.0 = Debug|Any CPU
		{25D0243C-8253-4630-868B-F19FB2390765}.Release|Any CPU.ActiveCfg = Release|Any CPU
		{25D0243C-8253-4630-868B-F19FB2390765}.Release|Any CPU.Build.0 = Release|Any CPU
		{25D0243C-8253-4630-868B-F19FB2390765}.Release|x64.ActiveCfg = Release|Any CPU
		{25D0243C-8253-4630-868B-F19FB2390765}.Release|x64.Build.0 = Release|Any CPU
		{25D0243C-8253-4630-868B-F19FB2390765}.Release|x86.ActiveCfg = Release|Any CPU
		{25D0243C-8253-4630-868B-F19FB2390765}.Release|x86.Build.0 = Release|Any CPU
		{B4433C4F-02AE-48FC-8280-3911D87EF607}.Debug|Any CPU.ActiveCfg = Debug|Any CPU
		{B4433C4F-02AE-48FC-8280-3911D87EF607}.Debug|Any CPU.Build.0 = Debug|Any CPU
		{B4433C4F-02AE-48FC-8280-3911D87EF607}.Debug|x64.ActiveCfg = Debug|Any CPU
		{B4433C4F-02AE-48FC-8280-3911D87EF607}.Debug|x64.Build.0 = Debug|Any CPU
		{B4433C4F-02AE-48FC-8280-3911D87EF607}.Debug|x86.ActiveCfg = Debug|Any CPU
		{B4433C4F-02AE-48FC-8280-3911D87EF607}.Debug|x86.Build.0 = Debug|Any CPU
		{B4433C4F-02AE-48FC-8280-3911D87EF607}.Release|Any CPU.ActiveCfg = Release|Any CPU
		{B4433C4F-02AE-48FC-8280-3911D87EF607}.Release|Any CPU.Build.0 = Release|Any CPU
		{B4433C4F-02AE-48FC-8280-3911D87EF607}.Release|x64.ActiveCfg = Release|Any CPU
		{B4433C4F-02AE-48FC-8280-3911D87EF607}.Release|x64.Build.0 = Release|Any CPU
		{B4433C4F-02AE-48FC-8280-3911D87EF607}.Release|x86.ActiveCfg = Release|Any CPU
		{B4433C4F-02AE-48FC-8280-3911D87EF607}.Release|x86.Build.0 = Release|Any CPU
		{C5BF6AE6-998E-4866-9DDA-48684081A86E}.Debug|Any CPU.ActiveCfg = Debug|Any CPU
		{C5BF6AE6-998E-4866-9DDA-48684081A86E}.Debug|Any CPU.Build.0 = Debug|Any CPU
		{C5BF6AE6-998E-4866-9DDA-48684081A86E}.Debug|x64.ActiveCfg = Debug|Any CPU
		{C5BF6AE6-998E-4866-9DDA-48684081A86E}.Debug|x64.Build.0 = Debug|Any CPU
		{C5BF6AE6-998E-4866-9DDA-48684081A86E}.Debug|x86.ActiveCfg = Debug|Any CPU
		{C5BF6AE6-998E-4866-9DDA-48684081A86E}.Debug|x86.Build.0 = Debug|Any CPU
		{C5BF6AE6-998E-4866-9DDA-48684081A86E}.Release|Any CPU.ActiveCfg = Release|Any CPU
		{C5BF6AE6-998E-4866-9DDA-48684081A86E}.Release|Any CPU.Build.0 = Release|Any CPU
		{C5BF6AE6-998E-4866-9DDA-48684081A86E}.Release|x64.ActiveCfg = Release|Any CPU
		{C5BF6AE6-998E-4866-9DDA-48684081A86E}.Release|x64.Build.0 = Release|Any CPU
		{C5BF6AE6-998E-4866-9DDA-48684081A86E}.Release|x86.ActiveCfg = Release|Any CPU
		{C5BF6AE6-998E-4866-9DDA-48684081A86E}.Release|x86.Build.0 = Release|Any CPU
		{FCAE5ACA-14C9-4C6E-8B28-A6D5948B2790}.Debug|Any CPU.ActiveCfg = Debug|Any CPU
		{FCAE5ACA-14C9-4C6E-8B28-A6D5948B2790}.Debug|Any CPU.Build.0 = Debug|Any CPU
		{FCAE5ACA-14C9-4C6E-8B28-A6D5948B2790}.Debug|x64.ActiveCfg = Debug|Any CPU
		{FCAE5ACA-14C9-4C6E-8B28-A6D5948B2790}.Debug|x64.Build.0 = Debug|Any CPU
		{FCAE5ACA-14C9-4C6E-8B28-A6D5948B2790}.Debug|x86.ActiveCfg = Debug|Any CPU
		{FCAE5ACA-14C9-4C6E-8B28-A6D5948B2790}.Debug|x86.Build.0 = Debug|Any CPU
		{FCAE5ACA-14C9-4C6E-8B28-A6D5948B2790}.Release|Any CPU.ActiveCfg = Release|Any CPU
		{FCAE5ACA-14C9-4C6E-8B28-A6D5948B2790}.Release|Any CPU.Build.0 = Release|Any CPU
		{FCAE5ACA-14C9-4C6E-8B28-A6D5948B2790}.Release|x64.ActiveCfg = Release|Any CPU
		{FCAE5ACA-14C9-4C6E-8B28-A6D5948B2790}.Release|x64.Build.0 = Release|Any CPU
		{FCAE5ACA-14C9-4C6E-8B28-A6D5948B2790}.Release|x86.ActiveCfg = Release|Any CPU
		{FCAE5ACA-14C9-4C6E-8B28-A6D5948B2790}.Release|x86.Build.0 = Release|Any CPU
		{259EEE66-59C4-43B5-B21F-FB41C4DCD4BD}.Debug|Any CPU.ActiveCfg = Debug|Any CPU
		{259EEE66-59C4-43B5-B21F-FB41C4DCD4BD}.Debug|Any CPU.Build.0 = Debug|Any CPU
		{259EEE66-59C4-43B5-B21F-FB41C4DCD4BD}.Debug|x64.ActiveCfg = Debug|Any CPU
		{259EEE66-59C4-43B5-B21F-FB41C4DCD4BD}.Debug|x64.Build.0 = Debug|Any CPU
		{259EEE66-59C4-43B5-B21F-FB41C4DCD4BD}.Debug|x86.ActiveCfg = Debug|Any CPU
		{259EEE66-59C4-43B5-B21F-FB41C4DCD4BD}.Debug|x86.Build.0 = Debug|Any CPU
		{259EEE66-59C4-43B5-B21F-FB41C4DCD4BD}.Release|Any CPU.ActiveCfg = Release|Any CPU
		{259EEE66-59C4-43B5-B21F-FB41C4DCD4BD}.Release|Any CPU.Build.0 = Release|Any CPU
		{259EEE66-59C4-43B5-B21F-FB41C4DCD4BD}.Release|x64.ActiveCfg = Release|Any CPU
		{259EEE66-59C4-43B5-B21F-FB41C4DCD4BD}.Release|x64.Build.0 = Release|Any CPU
		{259EEE66-59C4-43B5-B21F-FB41C4DCD4BD}.Release|x86.ActiveCfg = Release|Any CPU
		{259EEE66-59C4-43B5-B21F-FB41C4DCD4BD}.Release|x86.Build.0 = Release|Any CPU
		{3DF5EBBE-E067-4105-914C-D195E94A6B5E}.Debug|Any CPU.ActiveCfg = Debug|Any CPU
		{3DF5EBBE-E067-4105-914C-D195E94A6B5E}.Debug|Any CPU.Build.0 = Debug|Any CPU
		{3DF5EBBE-E067-4105-914C-D195E94A6B5E}.Debug|x64.ActiveCfg = Debug|Any CPU
		{3DF5EBBE-E067-4105-914C-D195E94A6B5E}.Debug|x64.Build.0 = Debug|Any CPU
		{3DF5EBBE-E067-4105-914C-D195E94A6B5E}.Debug|x86.ActiveCfg = Debug|Any CPU
		{3DF5EBBE-E067-4105-914C-D195E94A6B5E}.Debug|x86.Build.0 = Debug|Any CPU
		{3DF5EBBE-E067-4105-914C-D195E94A6B5E}.Release|Any CPU.ActiveCfg = Release|Any CPU
		{3DF5EBBE-E067-4105-914C-D195E94A6B5E}.Release|Any CPU.Build.0 = Release|Any CPU
		{3DF5EBBE-E067-4105-914C-D195E94A6B5E}.Release|x64.ActiveCfg = Release|Any CPU
		{3DF5EBBE-E067-4105-914C-D195E94A6B5E}.Release|x64.Build.0 = Release|Any CPU
		{3DF5EBBE-E067-4105-914C-D195E94A6B5E}.Release|x86.ActiveCfg = Release|Any CPU
		{3DF5EBBE-E067-4105-914C-D195E94A6B5E}.Release|x86.Build.0 = Release|Any CPU
	EndGlobalSection
	GlobalSection(SolutionProperties) = preSolution
		HideSolutionNode = FALSE
	EndGlobalSection
	GlobalSection(NestedProjects) = preSolution
		{C8E42992-5E42-0C2B-DBFE-AA848D06431C} = {827E0CD3-B72D-47B6-A68D-7590B98EB39B}
		{952F3029-8BAA-47FF-A51D-113D3D7B0295} = {C8E42992-5E42-0C2B-DBFE-AA848D06431C}
		{AE156C2D-CEB6-2932-52E1-7BB3F5577BA2} = {827E0CD3-B72D-47B6-A68D-7590B98EB39B}
		{25D0243C-8253-4630-868B-F19FB2390765} = {AE156C2D-CEB6-2932-52E1-7BB3F5577BA2}
		{B4433C4F-02AE-48FC-8280-3911D87EF607} = {AE156C2D-CEB6-2932-52E1-7BB3F5577BA2}
		{C5BF6AE6-998E-4866-9DDA-48684081A86E} = {AE156C2D-CEB6-2932-52E1-7BB3F5577BA2}
		{FCAE5ACA-14C9-4C6E-8B28-A6D5948B2790} = {AE156C2D-CEB6-2932-52E1-7BB3F5577BA2}
		{2EBB256E-DCB5-D4A3-92AA-D5FB94CFE386} = {0AB3BF05-4346-4AA6-1389-037BE0695223}
		{259EEE66-59C4-43B5-B21F-FB41C4DCD4BD} = {2EBB256E-DCB5-D4A3-92AA-D5FB94CFE386}
		{3DF5EBBE-E067-4105-914C-D195E94A6B5E} = {AE156C2D-CEB6-2932-52E1-7BB3F5577BA2}
	EndGlobalSection
EndGlobal
