
Microsoft Visual Studio Solution File, Format Version 12.00
# Visual Studio Version 17
VisualStudioVersion = 17.0.31903.59
MinimumVisualStudioVersion = 10.0.40219.1
Project("{2150E333-8FDC-42A3-9474-1A3956D46DE8}") = "src", "src", "{827E0CD3-B72D-47B6-A68D-7590B98EB39B}"
EndProject
Project("{2150E333-8FDC-42A3-9474-1A3956D46DE8}") = "Shared", "Shared", "{C8E42992-5E42-0C2B-DBFE-AA848D06431C}"
EndProject
Project("{FAE04EC0-301F-11D3-BF4B-00C04F79EFBC}") = "AlgorithmAnalysis.Contracts", "src\backend\AlgorithmAnalysis.Contracts\AlgorithmAnalysis.Contracts.csproj", "{443751D2-F7D8-477D-AE6E-28F0F3F3E3EC}"
EndProject
Project("{2150E333-8FDC-42A3-9474-1A3956D46DE8}") = "Catalog", "Catalog", "{AE156C2D-CEB6-2932-52E1-7BB3F5577BA2}"
EndProject
Project("{FAE04EC0-301F-11D3-BF4B-00C04F79EFBC}") = "AlgorithmCatalog.Domain", "src\backend\AlgorithmCatalog.Domain\AlgorithmCatalog.Domain.csproj", "{835B6214-0F81-4634-A03A-9525CD7F42DC}"
EndProject
Project("{FAE04EC0-301F-11D3-BF4B-00C04F79EFBC}") = "AlgorithmCatalog.Application", "src\backend\AlgorithmCatalog.Application\AlgorithmCatalog.Application.csproj", "{1913DE02-1778-4C33-88AD-15EC3ECD4466}"
EndProject
Project("{FAE04EC0-301F-11D3-BF4B-00C04F79EFBC}") = "AlgorithmCatalog.Infrastructure.FileSystem", "src\backend\AlgorithmCatalog.Infrastructure.FileSystem\AlgorithmCatalog.Infrastructure.FileSystem.csproj", "{90BEAEF4-9FE6-4C20-A478-D9D1E68DB7B9}"
EndProject
Project("{2150E333-8FDC-42A3-9474-1A3956D46DE8}") = "Web", "Web", "{03997797-E7F5-0643-168D-B8EA7178C2FE}"
EndProject
Project("{FAE04EC0-301F-11D3-BF4B-00C04F79EFBC}") = "AlgoInspect.Api", "src\backend\AlgoInspect.Api\AlgoInspect.Api.csproj", "{7F3D6A4C-49F7-4454-B8EB-EDF6D2EEC8FB}"
EndProject
Project("{2150E333-8FDC-42A3-9474-1A3956D46DE8}") = "tests", "tests", "{0AB3BF05-4346-4AA6-1389-037BE0695223}"
EndProject
Project("{2150E333-8FDC-42A3-9474-1A3956D46DE8}") = "Web", "Web", "{62EB4910-3085-D5F7-07F0-ADDD05668AE4}"
EndProject
Project("{FAE04EC0-301F-11D3-BF4B-00C04F79EFBC}") = "AlgoInspect.Api.Tests", "tests\Web\AlgoInspect.Api.Tests\AlgoInspect.Api.Tests.csproj", "{7A0CD233-03B6-4977-8D14-3AB3B5FEBC9B}"
EndProject
Global
	GlobalSection(SolutionConfigurationPlatforms) = preSolution
		Debug|Any CPU = Debug|Any CPU
		Debug|x64 = Debug|x64
		Debug|x86 = Debug|x86
		Release|Any CPU = Release|Any CPU
		Release|x64 = Release|x64
		Release|x86 = Release|x86
	EndGlobalSection
	GlobalSection(ProjectConfigurationPlatforms) = postSolution
		{443751D2-F7D8-477D-AE6E-28F0F3F3E3EC}.Debug|Any CPU.ActiveCfg = Debug|Any CPU
		{443751D2-F7D8-477D-AE6E-28F0F3F3E3EC}.Debug|Any CPU.Build.0 = Debug|Any CPU
		{443751D2-F7D8-477D-AE6E-28F0F3F3E3EC}.Debug|x64.ActiveCfg = Debug|Any CPU
		{443751D2-F7D8-477D-AE6E-28F0F3F3E3EC}.Debug|x64.Build.0 = Debug|Any CPU
		{443751D2-F7D8-477D-AE6E-28F0F3F3E3EC}.Debug|x86.ActiveCfg = Debug|Any CPU
		{443751D2-F7D8-477D-AE6E-28F0F3F3E3EC}.Debug|x86.Build.0 = Debug|Any CPU
		{443751D2-F7D8-477D-AE6E-28F0F3F3E3EC}.Release|Any CPU.ActiveCfg = Release|Any CPU
		{443751D2-F7D8-477D-AE6E-28F0F3F3E3EC}.Release|Any CPU.Build.0 = Release|Any CPU
		{443751D2-F7D8-477D-AE6E-28F0F3F3E3EC}.Release|x64.ActiveCfg = Release|Any CPU
		{443751D2-F7D8-477D-AE6E-28F0F3F3E3EC}.Release|x64.Build.0 = Release|Any CPU
		{443751D2-F7D8-477D-AE6E-28F0F3F3E3EC}.Release|x86.ActiveCfg = Release|Any CPU
		{443751D2-F7D8-477D-AE6E-28F0F3F3E3EC}.Release|x86.Build.0 = Release|Any CPU
		{835B6214-0F81-4634-A03A-9525CD7F42DC}.Debug|Any CPU.ActiveCfg = Debug|Any CPU
		{835B6214-0F81-4634-A03A-9525CD7F42DC}.Debug|Any CPU.Build.0 = Debug|Any CPU
		{835B6214-0F81-4634-A03A-9525CD7F42DC}.Debug|x64.ActiveCfg = Debug|Any CPU
		{835B6214-0F81-4634-A03A-9525CD7F42DC}.Debug|x64.Build.0 = Debug|Any CPU
		{835B6214-0F81-4634-A03A-9525CD7F42DC}.Debug|x86.ActiveCfg = Debug|Any CPU
		{835B6214-0F81-4634-A03A-9525CD7F42DC}.Debug|x86.Build.0 = Debug|Any CPU
		{835B6214-0F81-4634-A03A-9525CD7F42DC}.Release|Any CPU.ActiveCfg = Release|Any CPU
		{835B6214-0F81-4634-A03A-9525CD7F42DC}.Release|Any CPU.Build.0 = Release|Any CPU
		{835B6214-0F81-4634-A03A-9525CD7F42DC}.Release|x64.ActiveCfg = Release|Any CPU
		{835B6214-0F81-4634-A03A-9525CD7F42DC}.Release|x64.Build.0 = Release|Any CPU
		{835B6214-0F81-4634-A03A-9525CD7F42DC}.Release|x86.ActiveCfg = Release|Any CPU
		{835B6214-0F81-4634-A03A-9525CD7F42DC}.Release|x86.Build.0 = Release|Any CPU
		{1913DE02-1778-4C33-88AD-15EC3ECD4466}.Debug|Any CPU.ActiveCfg = Debug|Any CPU
		{1913DE02-1778-4C33-88AD-15EC3ECD4466}.Debug|Any CPU.Build.0 = Debug|Any CPU
		{1913DE02-1778-4C33-88AD-15EC3ECD4466}.Debug|x64.ActiveCfg = Debug|Any CPU
		{1913DE02-1778-4C33-88AD-15EC3ECD4466}.Debug|x64.Build.0 = Debug|Any CPU
		{1913DE02-1778-4C33-88AD-15EC3ECD4466}.Debug|x86.ActiveCfg = Debug|Any CPU
		{1913DE02-1778-4C33-88AD-15EC3ECD4466}.Debug|x86.Build.0 = Debug|Any CPU
		{1913DE02-1778-4C33-88AD-15EC3ECD4466}.Release|Any CPU.ActiveCfg = Release|Any CPU
		{1913DE02-1778-4C33-88AD-15EC3ECD4466}.Release|Any CPU.Build.0 = Release|Any CPU
		{1913DE02-1778-4C33-88AD-15EC3ECD4466}.Release|x64.ActiveCfg = Release|Any CPU
		{1913DE02-1778-4C33-88AD-15EC3ECD4466}.Release|x64.Build.0 = Release|Any CPU
		{1913DE02-1778-4C33-88AD-15EC3ECD4466}.Release|x86.ActiveCfg = Release|Any CPU
		{1913DE02-1778-4C33-88AD-15EC3ECD4466}.Release|x86.Build.0 = Release|Any CPU
		{90BEAEF4-9FE6-4C20-A478-D9D1E68DB7B9}.Debug|Any CPU.ActiveCfg = Debug|Any CPU
		{90BEAEF4-9FE6-4C20-A478-D9D1E68DB7B9}.Debug|Any CPU.Build.0 = Debug|Any CPU
		{90BEAEF4-9FE6-4C20-A478-D9D1E68DB7B9}.Debug|x64.ActiveCfg = Debug|Any CPU
		{90BEAEF4-9FE6-4C20-A478-D9D1E68DB7B9}.Debug|x64.Build.0 = Debug|Any CPU
		{90BEAEF4-9FE6-4C20-A478-D9D1E68DB7B9}.Debug|x86.ActiveCfg = Debug|Any CPU
		{90BEAEF4-9FE6-4C20-A478-D9D1E68DB7B9}.Debug|x86.Build.0 = Debug|Any CPU
		{90BEAEF4-9FE6-4C20-A478-D9D1E68DB7B9}.Release|Any CPU.ActiveCfg = Release|Any CPU
		{90BEAEF4-9FE6-4C20-A478-D9D1E68DB7B9}.Release|Any CPU.Build.0 = Release|Any CPU
		{90BEAEF4-9FE6-4C20-A478-D9D1E68DB7B9}.Release|x64.ActiveCfg = Release|Any CPU
		{90BEAEF4-9FE6-4C20-A478-D9D1E68DB7B9}.Release|x64.Build.0 = Release|Any CPU
		{90BEAEF4-9FE6-4C20-A478-D9D1E68DB7B9}.Release|x86.ActiveCfg = Release|Any CPU
		{90BEAEF4-9FE6-4C20-A478-D9D1E68DB7B9}.Release|x86.Build.0 = Release|Any CPU
		{7F3D6A4C-49F7-4454-B8EB-EDF6D2EEC8FB}.Debug|Any CPU.ActiveCfg = Debug|Any CPU
		{7F3D6A4C-49F7-4454-B8EB-EDF6D2EEC8FB}.Debug|Any CPU.Build.0 = Debug|Any CPU
		{7F3D6A4C-49F7-4454-B8EB-EDF6D2EEC8FB}.Debug|x64.ActiveCfg = Debug|Any CPU
		{7F3D6A4C-49F7-4454-B8EB-EDF6D2EEC8FB}.Debug|x64.Build.0 = Debug|Any CPU
		{7F3D6A4C-49F7-4454-B8EB-EDF6D2EEC8FB}.Debug|x86.ActiveCfg = Debug|Any CPU
		{7F3D6A4C-49F7-4454-B8EB-EDF6D2EEC8FB}.Debug|x86.Build.0 = Debug|Any CPU
		{7F3D6A4C-49F7-4454-B8EB-EDF6D2EEC8FB}.Release|Any CPU.ActiveCfg = Release|Any CPU
		{7F3D6A4C-49F7-4454-B8EB-EDF6D2EEC8FB}.Release|Any CPU.Build.0 = Release|Any CPU
		{7F3D6A4C-49F7-4454-B8EB-EDF6D2EEC8FB}.Release|x64.ActiveCfg = Release|Any CPU
		{7F3D6A4C-49F7-4454-B8EB-EDF6D2EEC8FB}.Release|x64.Build.0 = Release|Any CPU
		{7F3D6A4C-49F7-4454-B8EB-EDF6D2EEC8FB}.Release|x86.ActiveCfg = Release|Any CPU
		{7F3D6A4C-49F7-4454-B8EB-EDF6D2EEC8FB}.Release|x86.Build.0 = Release|Any CPU
		{7A0CD233-03B6-4977-8D14-3AB3B5FEBC9B}.Debug|Any CPU.ActiveCfg = Debug|Any CPU
		{7A0CD233-03B6-4977-8D14-3AB3B5FEBC9B}.Debug|Any CPU.Build.0 = Debug|Any CPU
		{7A0CD233-03B6-4977-8D14-3AB3B5FEBC9B}.Debug|x64.ActiveCfg = Debug|Any CPU
		{7A0CD233-03B6-4977-8D14-3AB3B5FEBC9B}.Debug|x64.Build.0 = Debug|Any CPU
		{7A0CD233-03B6-4977-8D14-3AB3B5FEBC9B}.Debug|x86.ActiveCfg = Debug|Any CPU
		{7A0CD233-03B6-4977-8D14-3AB3B5FEBC9B}.Debug|x86.Build.0 = Debug|Any CPU
		{7A0CD233-03B6-4977-8D14-3AB3B5FEBC9B}.Release|Any CPU.ActiveCfg = Release|Any CPU
		{7A0CD233-03B6-4977-8D14-3AB3B5FEBC9B}.Release|Any CPU.Build.0 = Release|Any CPU
		{7A0CD233-03B6-4977-8D14-3AB3B5FEBC9B}.Release|x64.ActiveCfg = Release|Any CPU
		{7A0CD233-03B6-4977-8D14-3AB3B5FEBC9B}.Release|x64.Build.0 = Release|Any CPU
		{7A0CD233-03B6-4977-8D14-3AB3B5FEBC9B}.Release|x86.ActiveCfg = Release|Any CPU
		{7A0CD233-03B6-4977-8D14-3AB3B5FEBC9B}.Release|x86.Build.0 = Release|Any CPU
	EndGlobalSection
	GlobalSection(SolutionProperties) = preSolution
		HideSolutionNode = FALSE
	EndGlobalSection
	GlobalSection(NestedProjects) = preSolution
		{C8E42992-5E42-0C2B-DBFE-AA848D06431C} = {827E0CD3-B72D-47B6-A68D-7590B98EB39B}
		{443751D2-F7D8-477D-AE6E-28F0F3F3E3EC} = {C8E42992-5E42-0C2B-DBFE-AA848D06431C}
		{AE156C2D-CEB6-2932-52E1-7BB3F5577BA2} = {827E0CD3-B72D-47B6-A68D-7590B98EB39B}
		{835B6214-0F81-4634-A03A-9525CD7F42DC} = {AE156C2D-CEB6-2932-52E1-7BB3F5577BA2}
		{1913DE02-1778-4C33-88AD-15EC3ECD4466} = {AE156C2D-CEB6-2932-52E1-7BB3F5577BA2}
		{90BEAEF4-9FE6-4C20-A478-D9D1E68DB7B9} = {AE156C2D-CEB6-2932-52E1-7BB3F5577BA2}
		{03997797-E7F5-0643-168D-B8EA7178C2FE} = {827E0CD3-B72D-47B6-A68D-7590B98EB39B}
		{7F3D6A4C-49F7-4454-B8EB-EDF6D2EEC8FB} = {03997797-E7F5-0643-168D-B8EA7178C2FE}
		{62EB4910-3085-D5F7-07F0-ADDD05668AE4} = {0AB3BF05-4346-4AA6-1389-037BE0695223}
		{7A0CD233-03B6-4977-8D14-3AB3B5FEBC9B} = {62EB4910-3085-D5F7-07F0-ADDD05668AE4}
	EndGlobalSection
EndGlobal
